
Microsoft Visual Studio Solution File, Format Version 12.00
# Visual Studio Version 17
VisualStudioVersion = 17.0.31903.59
MinimumVisualStudioVersion = 10.0.40219.1
Project("{FAE04EC0-301F-11D3-BF4B-00C04F79EFBC}") = "API", "API\API.csproj", "{F28ADA46-DBFB-4B7F-8722-276B0C4B8A6B}"
EndProject
Project("{FAE04EC0-301F-11D3-BF4B-00C04F79EFBC}") = "Core", "Core\Core.csproj", "{74C78561-B3E0-4E1F-B337-00D0A477ED2D}"
EndProject
Project("{FAE04EC0-301F-11D3-BF4B-00C04F79EFBC}") = "Infrastructure", "Infrastructure\Infrastructure.csproj", "{CEA46906-65EE-44B1-8973-3F9A3BBD5292}"
EndProject
Global
	GlobalSection(SolutionConfigurationPlatforms) = preSolution
		Debug|Any CPU = Debug|Any CPU
		Release|Any CPU = Release|Any CPU
	EndGlobalSection
	GlobalSection(SolutionProperties) = preSolution
		HideSolutionNode = FALSE
	EndGlobalSection
	GlobalSection(ProjectConfigurationPlatforms) = postSolution
		{F28ADA46-DBFB-4B7F-8722-276B0C4B8A6B}.Debug|Any CPU.ActiveCfg = Debug|Any CPU
		{F28ADA46-DBFB-4B7F-8722-276B0C4B8A6B}.Debug|Any CPU.Build.0 = Debug|Any CPU
		{F28ADA46-DBFB-4B7F-8722-276B0C4B8A6B}.Release|Any CPU.ActiveCfg = Release|Any CPU
		{F28ADA46-DBFB-4B7F-8722-276B0C4B8A6B}.Release|Any CPU.Build.0 = Release|Any CPU
		{74C78561-B3E0-4E1F-B337-00D0A477ED2D}.Debug|Any CPU.ActiveCfg = Debug|Any CPU
		{74C78561-B3E0-4E1F-B337-00D0A477ED2D}.Debug|Any CPU.Build.0 = Debug|Any CPU
		{74C78561-B3E0-4E1F-B337-00D0A477ED2D}.Release|Any CPU.ActiveCfg = Release|Any CPU
		{74C78561-B3E0-4E1F-B337-00D0A477ED2D}.Release|Any CPU.Build.0 = Release|Any CPU
		{CEA46906-65EE-44B1-8973-3F9A3BBD5292}.Debug|Any CPU.ActiveCfg = Debug|Any CPU
		{CEA46906-65EE-44B1-8973-3F9A3BBD5292}.Debug|Any CPU.Build.0 = Debug|Any CPU
		{CEA46906-65EE-44B1-8973-3F9A3BBD5292}.Release|Any CPU.ActiveCfg = Release|Any CPU
		{CEA46906-65EE-44B1-8973-3F9A3BBD5292}.Release|Any CPU.Build.0 = Release|Any CPU
	EndGlobalSection
EndGlobal
